
Microsoft Visual Studio Solution File, Format Version 12.00
# Visual Studio Version 17
VisualStudioVersion = 17.8.34322.80
MinimumVisualStudioVersion = 10.0.40219.1
Project("{FAE04EC0-301F-11D3-BF4B-00C04F79EFBC}") = "lori-ef-conversion", "lori-ef-conversion.csproj", "{62744B2F-1EF1-4E65-88E9-A631C1A3127B}"
EndProject
Global
	GlobalSection(SolutionConfigurationPlatforms) = preSolution
		Debug|Any CPU = Debug|Any CPU
		Release|Any CPU = Release|Any CPU
	EndGlobalSection
	GlobalSection(ProjectConfigurationPlatforms) = postSolution
		{62744B2F-1EF1-4E65-88E9-A631C1A3127B}.Debug|Any CPU.ActiveCfg = Debug|Any CPU
		{62744B2F-1EF1-4E65-88E9-A631C1A3127B}.Debug|Any CPU.Build.0 = Debug|Any CPU
		{62744B2F-1EF1-4E65-88E9-A631C1A3127B}.Release|Any CPU.ActiveCfg = Release|Any CPU
		{62744B2F-1EF1-4E65-88E9-A631C1A3127B}.Release|Any CPU.Build.0 = Release|Any CPU
	EndGlobalSection
	GlobalSection(SolutionProperties) = preSolution
		HideSolutionNode = FALSE
	EndGlobalSection
	GlobalSection(ExtensibilityGlobals) = postSolution
		SolutionGuid = {A7529737-976B-4EB9-B2FA-D82C2F3129EE}
	EndGlobalSection
EndGlobal
